
Microsoft Visual Studio Solution File, Format Version 12.00
# Visual Studio Version 17
VisualStudioVersion = 17.6.33829.357
MinimumVisualStudioVersion = 10.0.40219.1
Project("{FAE04EC0-301F-11D3-BF4B-00C04F79EFBC}") = "Sello", "Sello.csproj", "{72365847-3C8A-4430-9382-1C61C565C347}"
EndProject
Global
	GlobalSection(SolutionConfigurationPlatforms) = preSolution
		Debug|Any CPU = Debug|Any CPU
		Release|Any CPU = Release|Any CPU
	EndGlobalSection
	GlobalSection(ProjectConfigurationPlatforms) = postSolution
		{72365847-3C8A-4430-9382-1C61C565C347}.Debug|Any CPU.ActiveCfg = Debug|Any CPU
		{72365847-3C8A-4430-9382-1C61C565C347}.Debug|Any CPU.Build.0 = Debug|Any CPU
		{72365847-3C8A-4430-9382-1C61C565C347}.Release|Any CPU.ActiveCfg = Release|Any CPU
		{72365847-3C8A-4430-9382-1C61C565C347}.Release|Any CPU.Build.0 = Release|Any CPU
	EndGlobalSection
	GlobalSection(SolutionProperties) = preSolution
		HideSolutionNode = FALSE
	EndGlobalSection
	GlobalSection(ExtensibilityGlobals) = postSolution
		SolutionGuid = {2F456073-089B-4C3B-9450-1ACB148CF2F3}
	EndGlobalSection
EndGlobal
